// !$*UTF8*$!
{
	archiveVersion = 1;
	classes = {
	};
	objectVersion = 50;
	objects = {

/* Begin PBXBuildFile section */
		1FB27F83AA5E9E87B50F191E /* Pods_ContactRealm.framework in Frameworks */ = {isa = PBXBuildFile; fileRef = FF9362AE971F5D3323CD8053 /* Pods_ContactRealm.framework */; };
		5B2CC63B252BD1BC000E151D /* AppDelegate.swift in Sources */ = {isa = PBXBuildFile; fileRef = 5B2CC63A252BD1BC000E151D /* AppDelegate.swift */; };
		5B2CC63D252BD1BC000E151D /* SceneDelegate.swift in Sources */ = {isa = PBXBuildFile; fileRef = 5B2CC63C252BD1BC000E151D /* SceneDelegate.swift */; };
		5B2CC63F252BD1BC000E151D /* ViewController.swift in Sources */ = {isa = PBXBuildFile; fileRef = 5B2CC63E252BD1BC000E151D /* ViewController.swift */; };
		5B2CC642252BD1BC000E151D /* Main.storyboard in Resources */ = {isa = PBXBuildFile; fileRef = 5B2CC640252BD1BC000E151D /* Main.storyboard */; };
		5B2CC644252BD1BF000E151D /* Assets.xcassets in Resources */ = {isa = PBXBuildFile; fileRef = 5B2CC643252BD1BF000E151D /* Assets.xcassets */; };
		5B2CC647252BD1BF000E151D /* LaunchScreen.storyboard in Resources */ = {isa = PBXBuildFile; fileRef = 5B2CC645252BD1BF000E151D /* LaunchScreen.storyboard */; };
/* End PBXBuildFile section */

/* Begin PBXFileReference section */
		1CD2561FC205C99D8D1E9990 /* Pods-ContactRealm.release.xcconfig */ = {isa = PBXFileReference; includeInIndex = 1; lastKnownFileType = text.xcconfig; name = "Pods-ContactRealm.release.xcconfig"; path = "Target Support Files/Pods-ContactRealm/Pods-ContactRealm.release.xcconfig"; sourceTree = "<group>"; };
		5B2CC637252BD1BC000E151D /* ContactRealm.app */ = {isa = PBXFileReference; explicitFileType = wrapper.application; includeInIndex = 0; path = ContactRealm.app; sourceTree = BUILT_PRODUCTS_DIR; };
		5B2CC63A252BD1BC000E151D /* AppDelegate.swift */ = {isa = PBXFileReference; lastKnownFileType = sourcecode.swift; path = AppDelegate.swift; sourceTree = "<group>"; };
		5B2CC63C252BD1BC000E151D /* SceneDelegate.swift */ = {isa = PBXFileReference; lastKnownFileType = sourcecode.swift; path = SceneDelegate.swift; sourceTree = "<group>"; };
		5B2CC63E252BD1BC000E151D /* ViewController.swift */ = {isa = PBXFileReference; lastKnownFileType = sourcecode.swift; path = ViewController.swift; sourceTree = "<group>"; };
		5B2CC641252BD1BC000E151D /* Base */ = {isa = PBXFileReference; lastKnownFileType = file.storyboard; name = Base; path = Base.lproj/Main.storyboard; sourceTree = "<group>"; };
		5B2CC643252BD1BF000E151D /* Assets.xcassets */ = {isa = PBXFileReference; lastKnownFileType = folder.assetcatalog; path = Assets.xcassets; sourceTree = "<group>"; };
		5B2CC646252BD1BF000E151D /* Base */ = {isa = PBXFileReference; lastKnownFileType = file.storyboard; name = Base; path = Base.lproj/LaunchScreen.storyboard; sourceTree = "<group>"; };
		5B2CC648252BD1BF000E151D /* Info.plist */ = {isa = PBXFileReference; lastKnownFileType = text.plist.xml; path = Info.plist; sourceTree = "<group>"; };
		D6EFA5859F0848B907DE74E2 /* Pods-ContactRealm.debug.xcconfig */ = {isa = PBXFileReference; includeInIndex = 1; lastKnownFileType = text.xcconfig; name = "Pods-ContactRealm.debug.xcconfig"; path = "Target Support Files/Pods-ContactRealm/Pods-ContactRealm.debug.xcconfig"; sourceTree = "<group>"; };
		FF9362AE971F5D3323CD8053 /* Pods_ContactRealm.framework */ = {isa = PBXFileReference; explicitFileType = wrapper.framework; includeInIndex = 0; path = Pods_ContactRealm.framework; sourceTree = BUILT_PRODUCTS_DIR; };
/* End PBXFileReference section */

/* Begin PBXFrameworksBuildPhase section */
		5B2CC634252BD1BC000E151D /* Frameworks */ = {
			isa = PBXFrameworksBuildPhase;
			buildActionMask = 2147483647;
			files = (
				1FB27F83AA5E9E87B50F191E /* Pods_ContactRealm.framework in Frameworks */,
			);
			runOnlyForDeploymentPostprocessing = 0;
		};
/* End PBXFrameworksBuildPhase section */

/* Begin PBXGroup section */
		4E3CAFC6D4628D2CC851ACF1 /* Frameworks */ = {
			isa = PBXGroup;
			children = (
				FF9362AE971F5D3323CD8053 /* Pods_ContactRealm.framework */,
			);
			name = Frameworks;
			sourceTree = "<group>";
		};
		5919B9212F5D4DCF03BBBCA2 /* Pods */ = {
			isa = PBXGroup;
			children = (
				D6EFA5859F0848B907DE74E2 /* Pods-ContactRealm.debug.xcconfig */,
				1CD2561FC205C99D8D1E9990 /* Pods-ContactRealm.release.xcconfig */,
			);
			name = Pods;
			path = Pods;
			sourceTree = "<group>";
		};
		5B2CC62E252BD1BC000E151D = {
			isa = PBXGroup;
			children = (
				5B2CC639252BD1BC000E151D /* ContactRealm */,
				5B2CC638252BD1BC000E151D /* Products */,
				5919B9212F5D4DCF03BBBCA2 /* Pods */,
				4E3CAFC6D4628D2CC851ACF1 /* Frameworks */,
			);
			sourceTree = "<group>";
		};
		5B2CC638252BD1BC000E151D /* Products */ = {
			isa = PBXGroup;
			children = (
				5B2CC637252BD1BC000E151D /* ContactRealm.app */,
			);
			name = Products;
			sourceTree = "<group>";
		};
		5B2CC639252BD1BC000E151D /* ContactRealm */ = {
			isa = PBXGroup;
			children = (
				5B2CC63A252BD1BC000E151D /* AppDelegate.swift */,
				5B2CC63C252BD1BC000E151D /* SceneDelegate.swift */,
				5B2CC63E252BD1BC000E151D /* ViewController.swift */,
				5B2CC640252BD1BC000E151D /* Main.storyboard */,
				5B2CC643252BD1BF000E151D /* Assets.xcassets */,
				5B2CC645252BD1BF000E151D /* LaunchScreen.storyboard */,
				5B2CC648252BD1BF000E151D /* Info.plist */,
			);
			path = ContactRealm;
			sourceTree = "<group>";
		};
/* End PBXGroup section */

/* Begin PBXNativeTarget section */
		5B2CC636252BD1BC000E151D /* ContactRealm */ = {
			isa = PBXNativeTarget;
			buildConfigurationList = 5B2CC64B252BD1BF000E151D /* Build configuration list for PBXNativeTarget "ContactRealm" */;
			buildPhases = (
				118D78221133A310C32EDC5A /* [CP] Check Pods Manifest.lock */,
				5B2CC633252BD1BC000E151D /* Sources */,
				5B2CC634252BD1BC000E151D /* Frameworks */,
				5B2CC635252BD1BC000E151D /* Resources */,
				0C2A48646931AF68E5F4AC79 /* [CP] Embed Pods Frameworks */,
			);
			buildRules = (
			);
			dependencies = (
			);
			name = ContactRealm;
			productName = ContactRealm;
			productReference = 5B2CC637252BD1BC000E151D /* ContactRealm.app */;
			productType = "com.apple.product-type.application";
		};
/* End PBXNativeTarget section */

/* Begin PBXProject section */
		5B2CC62F252BD1BC000E151D /* Project object */ = {
			isa = PBXProject;
			attributes = {
				LastSwiftUpdateCheck = 1200;
				LastUpgradeCheck = 1200;
				TargetAttributes = {
					5B2CC636252BD1BC000E151D = {
						CreatedOnToolsVersion = 12.0.1;
					};
				};
			};
			buildConfigurationList = 5B2CC632252BD1BC000E151D /* Build configuration list for PBXProject "ContactRealm" */;
			compatibilityVersion = "Xcode 9.3";
			developmentRegion = en;
			hasScannedForEncodings = 0;
			knownRegions = (
				en,
				Base,
			);
			mainGroup = 5B2CC62E252BD1BC000E151D;
			productRefGroup = 5B2CC638252BD1BC000E151D /* Products */;
			projectDirPath = "";
			projectRoot = "";
			targets = (
				5B2CC636252BD1BC000E151D /* ContactRealm */,
			);
		};
/* End PBXProject section */

/* Begin PBXResourcesBuildPhase section */
		5B2CC635252BD1BC000E151D /* Resources */ = {
			isa = PBXResourcesBuildPhase;
			buildActionMask = 2147483647;
			files = (
				5B2CC647252BD1BF000E151D /* LaunchScreen.storyboard in Resources */,
				5B2CC644252BD1BF000E151D /* Assets.xcassets in Resources */,
				5B2CC642252BD1BC000E151D /* Main.storyboard in Resources */,
			);
			runOnlyForDeploymentPostprocessing = 0;
		};
/* End PBXResourcesBuildPhase section */

/* Begin PBXShellScriptBuildPhase section */
		0C2A48646931AF68E5F4AC79 /* [CP] Embed Pods Frameworks */ = {
			isa = PBXShellScriptBuildPhase;
			buildActionMask = 2147483647;
			files = (
			);
			inputFileListPaths = (
				"${PODS_ROOT}/Target Support Files/Pods-ContactRealm/Pods-ContactRealm-frameworks-${CONFIGURATION}-input-files.xcfilelist",
			);
			name = "[CP] Embed Pods Frameworks";
			outputFileListPaths = (
				"${PODS_ROOT}/Target Support Files/Pods-ContactRealm/Pods-ContactRealm-frameworks-${CONFIGURATION}-output-files.xcfilelist",
			);
			runOnlyForDeploymentPostprocessing = 0;
			shellPath = /bin/sh;
			shellScript = "\"${PODS_ROOT}/Target Support Files/Pods-ContactRealm/Pods-ContactRealm-frameworks.sh\"\n";
			showEnvVarsInLog = 0;
		};
		118D78221133A310C32EDC5A /* [CP] Check Pods Manifest.lock */ = {
			isa = PBXShellScriptBuildPhase;
			buildActionMask = 2147483647;
			files = (
			);
			inputFileListPaths = (
			);
			inputPaths = (
				"${PODS_PODFILE_DIR_PATH}/Podfile.lock",
				"${PODS_ROOT}/Manifest.lock",
			);
			name = "[CP] Check Pods Manifest.lock";
			outputFileListPaths = (
			);
			outputPaths = (
				"$(DERIVED_FILE_DIR)/Pods-ContactRealm-checkManifestLockResult.txt",
			);
			runOnlyForDeploymentPostprocessing = 0;
			shellPath = /bin/sh;
			shellScript = "diff \"${PODS_PODFILE_DIR_PATH}/Podfile.lock\" \"${PODS_ROOT}/Manifest.lock\" > /dev/null\nif [ $? != 0 ] ; then\n    # print error to STDERR\n    echo \"error: The sandbox is not in sync with the Podfile.lock. Run 'pod install' or update your CocoaPods installation.\" >&2\n    exit 1\nfi\n# This output is used by Xcode 'outputs' to avoid re-running this script phase.\necho \"SUCCESS\" > \"${SCRIPT_OUTPUT_FILE_0}\"\n";
			showEnvVarsInLog = 0;
		};
/* End PBXShellScriptBuildPhase section */

/* Begin PBXSourcesBuildPhase section */
		5B2CC633252BD1BC000E151D /* Sources */ = {
			isa = PBXSourcesBuildPhase;
			buildActionMask = 2147483647;
			files = (
				5B2CC63F252BD1BC000E151D /* ViewController.swift in Sources */,
				5B2CC63B252BD1BC000E151D /* AppDelegate.swift in Sources */,
				5B2CC63D252BD1BC000E151D /* SceneDelegate.swift in Sources */,
			);
			runOnlyForDeploymentPostprocessing = 0;
		};
/* End PBXSourcesBuildPhase section */

/* Begin PBXVariantGroup section */
		5B2CC640252BD1BC000E151D /* Main.storyboard */ = {
			isa = PBXVariantGroup;
			children = (
				5B2CC641252BD1BC000E151D /* Base */,
			);
			name = Main.storyboard;
			sourceTree = "<group>";
		};
		5B2CC645252BD1BF000E151D /* LaunchScreen.storyboard */ = {
			isa = PBXVariantGroup;
			children = (
				5B2CC646252BD1BF000E151D /* Base */,
			);
			name = LaunchScreen.storyboard;
			sourceTree = "<group>";
		};
/* End PBXVariantGroup section */

/* Begin XCBuildConfiguration section */
		5B2CC649252BD1BF000E151D /* Debug */ = {
			isa = XCBuildConfiguration;
			buildSettings = {
				ALWAYS_SEARCH_USER_PATHS = NO;
				CLANG_ANALYZER_NONNULL = YES;
				CLANG_ANALYZER_NUMBER_OBJECT_CONVERSION = YES_AGGRESSIVE;
				CLANG_CXX_LANGUAGE_STANDARD = "gnu++14";
				CLANG_CXX_LIBRARY = "libc++";
				CLANG_ENABLE_MODULES = YES;
				CLANG_ENABLE_OBJC_ARC = YES;
				CLANG_ENABLE_OBJC_WEAK = YES;
				CLANG_WARN_BLOCK_CAPTURE_AUTORELEASING = YES;
				CLANG_WARN_BOOL_CONVERSION = YES;
				CLANG_WARN_COMMA = YES;
				CLANG_WARN_CONSTANT_CONVERSION = YES;
				CLANG_WARN_DEPRECATED_OBJC_IMPLEMENTATIONS = YES;
				CLANG_WARN_DIRECT_OBJC_ISA_USAGE = YES_ERROR;
				CLANG_WARN_DOCUMENTATION_COMMENTS = YES;
				CLANG_WARN_EMPTY_BODY = YES;
				CLANG_WARN_ENUM_CONVERSION = YES;
				CLANG_WARN_INFINITE_RECURSION = YES;
				CLANG_WARN_INT_CONVERSION = YES;
				CLANG_WARN_NON_LITERAL_NULL_CONVERSION = YES;
				CLANG_WARN_OBJC_IMPLICIT_RETAIN_SELF = YES;
				CLANG_WARN_OBJC_LITERAL_CONVERSION = YES;
				CLANG_WARN_OBJC_ROOT_CLASS = YES_ERROR;
				CLANG_WARN_QUOTED_INCLUDE_IN_FRAMEWORK_HEADER = YES;
				CLANG_WARN_RANGE_LOOP_ANALYSIS = YES;
				CLANG_WARN_STRICT_PROTOTYPES = YES;
				CLANG_WARN_SUSPICIOUS_MOVE = YES;
				CLANG_WARN_UNGUARDED_AVAILABILITY = YES_AGGRESSIVE;
				CLANG_WARN_UNREACHABLE_CODE = YES;
				CLANG_WARN__DUPLICATE_METHOD_MATCH = YES;
				COPY_PHASE_STRIP = NO;
				DEBUG_INFORMATION_FORMAT = dwarf;
				ENABLE_STRICT_OBJC_MSGSEND = YES;
				ENABLE_TESTABILITY = YES;
				GCC_C_LANGUAGE_STANDARD = gnu11;
				GCC_DYNAMIC_NO_PIC = NO;
				GCC_NO_COMMON_BLOCKS = YES;
				GCC_OPTIMIZATION_LEVEL = 0;
				GCC_PREPROCESSOR_DEFINITIONS = (
					"DEBUG=1",
					"$(inherited)",
				);
				GCC_WARN_64_TO_32_BIT_CONVERSION = YES;
				GCC_WARN_ABOUT_RETURN_TYPE = YES_ERROR;
				GCC_WARN_UNDECLARED_SELECTOR = YES;
				GCC_WARN_UNINITIALIZED_AUTOS = YES_AGGRESSIVE;
				GCC_WARN_UNUSED_FUNCTION = YES;
				GCC_WARN_UNUSED_VARIABLE = YES;
				IPHONEOS_DEPLOYMENT_TARGET = 14.0;
				MTL_ENABLE_DEBUG_INFO = INCLUDE_SOURCE;
				MTL_FAST_MATH = YES;
				ONLY_ACTIVE_ARCH = YES;
				SDKROOT = iphoneos;
				SWIFT_ACTIVE_COMPILATION_CONDITIONS = DEBUG;
				SWIFT_OPTIMIZATION_LEVEL = "-Onone";
			};
			name = Debug;
		};
		5B2CC64A252BD1BF000E151D /* Release */ = {
			isa = XCBuildConfiguration;
			buildSettings = {
				ALWAYS_SEARCH_USER_PATHS = NO;
				CLANG_ANALYZER_NONNULL = YES;
				CLANG_ANALYZER_NUMBER_OBJECT_CONVERSION = YES_AGGRESSIVE;
				CLANG_CXX_LANGUAGE_STANDARD = "gnu++14";
				CLANG_CXX_LIBRARY = "libc++";
				CLANG_ENABLE_MODULES = YES;
				CLANG_ENABLE_OBJC_ARC = YES;
				CLANG_ENABLE_OBJC_WEAK = YES;
				CLANG_WARN_BLOCK_CAPTURE_AUTORELEASING = YES;
				CLANG_WARN_BOOL_CONVERSION = YES;
				CLANG_WARN_COMMA = YES;
				CLANG_WARN_CONSTANT_CONVERSION = YES;
				CLANG_WARN_DEPRECATED_OBJC_IMPLEMENTATIONS = YES;
				CLANG_WARN_DIRECT_OBJC_ISA_USAGE = YES_ERROR;
				CLANG_WARN_DOCUMENTATION_COMMENTS = YES;
				CLANG_WARN_EMPTY_BODY = YES;
				CLANG_WARN_ENUM_CONVERSION = YES;
				CLANG_WARN_INFINITE_RECURSION = YES;
				CLANG_WARN_INT_CONVERSION = YES;
				CLANG_WARN_NON_LITERAL_NULL_CONVERSION = YES;
				CLANG_WARN_OBJC_IMPLICIT_RETAIN_SELF = YES;
				CLANG_WARN_OBJC_LITERAL_CONVERSION = YES;
				CLANG_WARN_OBJC_ROOT_CLASS = YES_ERROR;
				CLANG_WARN_QUOTED_INCLUDE_IN_FRAMEWORK_HEADER = YES;
				CLANG_WARN_RANGE_LOOP_ANALYSIS = YES;
				CLANG_WARN_STRICT_PROTOTYPES = YES;
				CLANG_WARN_SUSPICIOUS_MOVE = YES;
				CLANG_WARN_UNGUARDED_AVAILABILITY = YES_AGGRESSIVE;
				CLANG_WARN_UNREACHABLE_CODE = YES;
				CLANG_WARN__DUPLICATE_METHOD_MATCH = YES;
				COPY_PHASE_STRIP = NO;
				DEBUG_INFORMATION_FORMAT = "dwarf-with-dsym";
				ENABLE_NS_ASSERTIONS = NO;
				ENABLE_STRICT_OBJC_MSGSEND = YES;
				GCC_C_LANGUAGE_STANDARD = gnu11;
				GCC_NO_COMMON_BLOCKS = YES;
				GCC_WARN_64_TO_32_BIT_CONVERSION = YES;
				GCC_WARN_ABOUT_RETURN_TYPE = YES_ERROR;
				GCC_WARN_UNDECLARED_SELECTOR = YES;
				GCC_WARN_UNINITIALIZED_AUTOS = YES_AGGRESSIVE;
				GCC_WARN_UNUSED_FUNCTION = YES;
				GCC_WARN_UNUSED_VARIABLE = YES;
				IPHONEOS_DEPLOYMENT_TARGET = 14.0;
				MTL_ENABLE_DEBUG_INFO = NO;
				MTL_FAST_MATH = YES;
				SDKROOT = iphoneos;
				SWIFT_COMPILATION_MODE = wholemodule;
				SWIFT_OPTIMIZATION_LEVEL = "-O";
				VALIDATE_PRODUCT = YES;
			};
			name = Release;
		};
		5B2CC64C252BD1BF000E151D /* Debug */ = {
			isa = XCBuildConfiguration;
			baseConfigurationReference = D6EFA5859F0848B907DE74E2 /* Pods-ContactRealm.debug.xcconfig */;
			buildSettings = {
				ASSETCATALOG_COMPILER_APPICON_NAME = AppIcon;
				ASSETCATALOG_COMPILER_GLOBAL_ACCENT_COLOR_NAME = AccentColor;
				CODE_SIGN_STYLE = Automatic;
				DEVELOPMENT_TEAM = YZ36Z8GSEN;
				INFOPLIST_FILE = ContactRealm/Info.plist;
				LD_RUNPATH_SEARCH_PATHS = (
					"$(inherited)",
					"@executable_path/Frameworks",
				);
				PRODUCT_BUNDLE_IDENTIFIER = org.mlynn.ContactRealm;
				PRODUCT_NAME = "$(TARGET_NAME)";
				SWIFT_VERSION = 5.0;
				TARGETED_DEVICE_FAMILY = "1,2";
			};
			name = Debug;
		};
		5B2CC64D252BD1BF000E151D /* Release */ = {
			isa = XCBuildConfiguration;
			baseConfigurationReference = 1CD2561FC205C99D8D1E9990 /* Pods-ContactRealm.release.xcconfig */;
			buildSettings = {
				ASSETCATALOG_COMPILER_APPICON_NAME = AppIcon;
				ASSETCATALOG_COMPILER_GLOBAL_ACCENT_COLOR_NAME = AccentColor;
				CODE_SIGN_STYLE = Automatic;
				DEVELOPMENT_TEAM = YZ36Z8GSEN;
				INFOPLIST_FILE = ContactRealm/Info.plist;
				LD_RUNPATH_SEARCH_PATHS = (
					"$(inherited)",
					"@executable_path/Frameworks",
				);
				PRODUCT_BUNDLE_IDENTIFIER = org.mlynn.ContactRealm;
				PRODUCT_NAME = "$(TARGET_NAME)";
				SWIFT_VERSION = 5.0;
				TARGETED_DEVICE_FAMILY = "1,2";
			};
			name = Release;
		};
/* End XCBuildConfiguration section */

/* Begin XCConfigurationList section */
		5B2CC632252BD1BC000E151D /* Build configuration list for PBXProject "ContactRealm" */ = {
			isa = XCConfigurationList;
			buildConfigurations = (
				5B2CC649252BD1BF000E151D /* Debug */,
				5B2CC64A252BD1BF000E151D /* Release */,
			);
			defaultConfigurationIsVisible = 0;
			defaultConfigurationName = Release;
		};
		5B2CC64B252BD1BF000E151D /* Build configuration list for PBXNativeTarget "ContactRealm" */ = {
			isa = XCConfigurationList;
			buildConfigurations = (
				5B2CC64C252BD1BF000E151D /* Debug */,
				5B2CC64D252BD1BF000E151D /* Release */,
			);
			defaultConfigurationIsVisible = 0;
			defaultConfigurationName = Release;
		};
/* End XCConfigurationList section */
	};
	rootObject = 5B2CC62F252BD1BC000E151D /* Project object */;
}
